// !$*UTF8*$!
{
	archiveVersion = 1;
	classes = {
	};
	objectVersion = 56;
	objects = {

/* Begin PBXBuildFile section */
		0371E6B92A838AA300F55AA9 /* CoordinatorPatternApp.swift in Sources */ = {isa = PBXBuildFile; fileRef = 0371E6B82A838AA300F55AA9 /* CoordinatorPatternApp.swift */; };
		0371E6BB2A838AA300F55AA9 /* HomeView.swift in Sources */ = {isa = PBXBuildFile; fileRef = 0371E6BA2A838AA300F55AA9 /* HomeView.swift */; };
		0371E6BD2A838AA500F55AA9 /* Assets.xcassets in Resources */ = {isa = PBXBuildFile; fileRef = 0371E6BC2A838AA500F55AA9 /* Assets.xcassets */; };
		0371E6C02A838AA500F55AA9 /* Preview Assets.xcassets in Resources */ = {isa = PBXBuildFile; fileRef = 0371E6BF2A838AA500F55AA9 /* Preview Assets.xcassets */; };
		0371E6C72A838CE400F55AA9 /* NavigationPathContainer.swift in Sources */ = {isa = PBXBuildFile; fileRef = 0371E6C62A838CE400F55AA9 /* NavigationPathContainer.swift */; };
		0371E6C92A838EAE00F55AA9 /* ProductListView.swift in Sources */ = {isa = PBXBuildFile; fileRef = 0371E6C82A838EAE00F55AA9 /* ProductListView.swift */; };
		0371E6CB2A838F7C00F55AA9 /* ProductDetailView.swift in Sources */ = {isa = PBXBuildFile; fileRef = 0371E6CA2A838F7C00F55AA9 /* ProductDetailView.swift */; };
		0371E6CD2A83901400F55AA9 /* SheetView.swift in Sources */ = {isa = PBXBuildFile; fileRef = 0371E6CC2A83901400F55AA9 /* SheetView.swift */; };
		0371E6CF2A83905200F55AA9 /* MainCoordinator.swift in Sources */ = {isa = PBXBuildFile; fileRef = 0371E6CE2A83905200F55AA9 /* MainCoordinator.swift */; };
		4E6E586B2A83D19400F17990 /* ProductListCoordinator.swift in Sources */ = {isa = PBXBuildFile; fileRef = 4E6E586A2A83D19400F17990 /* ProductListCoordinator.swift */; };
/* End PBXBuildFile section */

/* Begin PBXFileReference section */
		0371E6B52A838AA300F55AA9 /* CoordinatorPattern.app */ = {isa = PBXFileReference; explicitFileType = wrapper.application; includeInIndex = 0; path = CoordinatorPattern.app; sourceTree = BUILT_PRODUCTS_DIR; };
		0371E6B82A838AA300F55AA9 /* CoordinatorPatternApp.swift */ = {isa = PBXFileReference; lastKnownFileType = sourcecode.swift; path = CoordinatorPatternApp.swift; sourceTree = "<group>"; };
		0371E6BA2A838AA300F55AA9 /* HomeView.swift */ = {isa = PBXFileReference; lastKnownFileType = sourcecode.swift; path = HomeView.swift; sourceTree = "<group>"; };
		0371E6BC2A838AA500F55AA9 /* Assets.xcassets */ = {isa = PBXFileReference; lastKnownFileType = folder.assetcatalog; path = Assets.xcassets; sourceTree = "<group>"; };
		0371E6BF2A838AA500F55AA9 /* Preview Assets.xcassets */ = {isa = PBXFileReference; lastKnownFileType = folder.assetcatalog; path = "Preview Assets.xcassets"; sourceTree = "<group>"; };
		0371E6C62A838CE400F55AA9 /* NavigationPathContainer.swift */ = {isa = PBXFileReference; lastKnownFileType = sourcecode.swift; path = NavigationPathContainer.swift; sourceTree = "<group>"; };
		0371E6C82A838EAE00F55AA9 /* ProductListView.swift */ = {isa = PBXFileReference; lastKnownFileType = sourcecode.swift; path = ProductListView.swift; sourceTree = "<group>"; };
		0371E6CA2A838F7C00F55AA9 /* ProductDetailView.swift */ = {isa = PBXFileReference; lastKnownFileType = sourcecode.swift; path = ProductDetailView.swift; sourceTree = "<group>"; };
		0371E6CC2A83901400F55AA9 /* SheetView.swift */ = {isa = PBXFileReference; lastKnownFileType = sourcecode.swift; path = SheetView.swift; sourceTree = "<group>"; };
		0371E6CE2A83905200F55AA9 /* MainCoordinator.swift */ = {isa = PBXFileReference; lastKnownFileType = sourcecode.swift; path = MainCoordinator.swift; sourceTree = "<group>"; };
		4E6E586A2A83D19400F17990 /* ProductListCoordinator.swift */ = {isa = PBXFileReference; lastKnownFileType = sourcecode.swift; path = ProductListCoordinator.swift; sourceTree = "<group>"; };
/* End PBXFileReference section */

/* Begin PBXFrameworksBuildPhase section */
		0371E6B22A838AA300F55AA9 /* Frameworks */ = {
			isa = PBXFrameworksBuildPhase;
			buildActionMask = 2147483647;
			files = (
			);
			runOnlyForDeploymentPostprocessing = 0;
		};
/* End PBXFrameworksBuildPhase section */

/* Begin PBXGroup section */
		0371E6AC2A838AA300F55AA9 = {
			isa = PBXGroup;
			children = (
				0371E6B72A838AA300F55AA9 /* CoordinatorPattern */,
				0371E6B62A838AA300F55AA9 /* Products */,
			);
			sourceTree = "<group>";
		};
		0371E6B62A838AA300F55AA9 /* Products */ = {
			isa = PBXGroup;
			children = (
				0371E6B52A838AA300F55AA9 /* CoordinatorPattern.app */,
			);
			name = Products;
			sourceTree = "<group>";
		};
		0371E6B72A838AA300F55AA9 /* CoordinatorPattern */ = {
			isa = PBXGroup;
			children = (
				0371E6B82A838AA300F55AA9 /* CoordinatorPatternApp.swift */,
				4E6E586E2A83DB1000F17990 /* Flows */,
				0371E6D02A83928000F55AA9 /* Util */,
				0371E6BC2A838AA500F55AA9 /* Assets.xcassets */,
				0371E6BE2A838AA500F55AA9 /* Preview Content */,
			);
			path = CoordinatorPattern;
			sourceTree = "<group>";
		};
		0371E6BE2A838AA500F55AA9 /* Preview Content */ = {
			isa = PBXGroup;
			children = (
				0371E6BF2A838AA500F55AA9 /* Preview Assets.xcassets */,
			);
			path = "Preview Content";
			sourceTree = "<group>";
		};
		0371E6D02A83928000F55AA9 /* Util */ = {
			isa = PBXGroup;
			children = (
				0371E6C62A838CE400F55AA9 /* NavigationPathContainer.swift */,
			);
			path = Util;
			sourceTree = "<group>";
		};
		4E6E586E2A83DB1000F17990 /* Flows */ = {
			isa = PBXGroup;
			children = (
				4E6E586F2A83DB1B00F17990 /* Main */,
				4E6E58702A83DB2800F17990 /* Products */,
			);
			path = Flows;
			sourceTree = "<group>";
		};
		4E6E586F2A83DB1B00F17990 /* Main */ = {
			isa = PBXGroup;
			children = (
				0371E6CE2A83905200F55AA9 /* MainCoordinator.swift */,
				0371E6BA2A838AA300F55AA9 /* HomeView.swift */,
				0371E6CC2A83901400F55AA9 /* SheetView.swift */,
			);
			path = Main;
			sourceTree = "<group>";
		};
		4E6E58702A83DB2800F17990 /* Products */ = {
			isa = PBXGroup;
			children = (
				4E6E586A2A83D19400F17990 /* ProductListCoordinator.swift */,
				0371E6C82A838EAE00F55AA9 /* ProductListView.swift */,
				0371E6CA2A838F7C00F55AA9 /* ProductDetailView.swift */,
			);
			path = Products;
			sourceTree = "<group>";
		};
/* End PBXGroup section */

/* Begin PBXNativeTarget section */
		0371E6B42A838AA300F55AA9 /* CoordinatorPattern */ = {
			isa = PBXNativeTarget;
			buildConfigurationList = 0371E6C32A838AA500F55AA9 /* Build configuration list for PBXNativeTarget "CoordinatorPattern" */;
			buildPhases = (
				0371E6B12A838AA300F55AA9 /* Sources */,
				0371E6B22A838AA300F55AA9 /* Frameworks */,
				0371E6B32A838AA300F55AA9 /* Resources */,
			);
			buildRules = (
			);
			dependencies = (
			);
			name = CoordinatorPattern;
			productName = CoordinatorPattern;
			productReference = 0371E6B52A838AA300F55AA9 /* CoordinatorPattern.app */;
			productType = "com.apple.product-type.application";
		};
/* End PBXNativeTarget section */

/* Begin PBXProject section */
		0371E6AD2A838AA300F55AA9 /* Project object */ = {
			isa = PBXProject;
			attributes = {
				BuildIndependentTargetsInParallel = 1;
				LastSwiftUpdateCheck = 1430;
				LastUpgradeCheck = 1430;
				TargetAttributes = {
					0371E6B42A838AA300F55AA9 = {
						CreatedOnToolsVersion = 14.3.1;
					};
				};
			};
			buildConfigurationList = 0371E6B02A838AA300F55AA9 /* Build configuration list for PBXProject "CoordinatorPattern" */;
			compatibilityVersion = "Xcode 14.0";
			developmentRegion = en;
			hasScannedForEncodings = 0;
			knownRegions = (
				en,
				Base,
			);
			mainGroup = 0371E6AC2A838AA300F55AA9;
			productRefGroup = 0371E6B62A838AA300F55AA9 /* Products */;
			projectDirPath = "";
			projectRoot = "";
			targets = (
				0371E6B42A838AA300F55AA9 /* CoordinatorPattern */,
			);
		};
/* End PBXProject section */

/* Begin PBXResourcesBuildPhase section */
		0371E6B32A838AA300F55AA9 /* Resources */ = {
			isa = PBXResourcesBuildPhase;
			buildActionMask = 2147483647;
			files = (
				0371E6C02A838AA500F55AA9 /* Preview Assets.xcassets in Resources */,
				0371E6BD2A838AA500F55AA9 /* Assets.xcassets in Resources */,
			);
			runOnlyForDeploymentPostprocessing = 0;
		};
/* End PBXResourcesBuildPhase section */

/* Begin PBXSourcesBuildPhase section */
		0371E6B12A838AA300F55AA9 /* Sources */ = {
			isa = PBXSourcesBuildPhase;
			buildActionMask = 2147483647;
			files = (
				0371E6C92A838EAE00F55AA9 /* ProductListView.swift in Sources */,
				0371E6CB2A838F7C00F55AA9 /* ProductDetailView.swift in Sources */,
				0371E6CF2A83905200F55AA9 /* MainCoordinator.swift in Sources */,
				0371E6BB2A838AA300F55AA9 /* HomeView.swift in Sources */,
				0371E6CD2A83901400F55AA9 /* SheetView.swift in Sources */,
				0371E6C72A838CE400F55AA9 /* NavigationPathContainer.swift in Sources */,
				4E6E586B2A83D19400F17990 /* ProductListCoordinator.swift in Sources */,
				0371E6B92A838AA300F55AA9 /* CoordinatorPatternApp.swift in Sources */,
			);
			runOnlyForDeploymentPostprocessing = 0;
		};
/* End PBXSourcesBuildPhase section */

/* Begin XCBuildConfiguration section */
		0371E6C12A838AA500F55AA9 /* Debug */ = {
			isa = XCBuildConfiguration;
			buildSettings = {
				ALWAYS_SEARCH_USER_PATHS = NO;
				CLANG_ANALYZER_NONNULL = YES;
				CLANG_ANALYZER_NUMBER_OBJECT_CONVERSION = YES_AGGRESSIVE;
				CLANG_CXX_LANGUAGE_STANDARD = "gnu++20";
				CLANG_ENABLE_MODULES = YES;
				CLANG_ENABLE_OBJC_ARC = YES;
				CLANG_ENABLE_OBJC_WEAK = YES;
				CLANG_WARN_BLOCK_CAPTURE_AUTORELEASING = YES;
				CLANG_WARN_BOOL_CONVERSION = YES;
				CLANG_WARN_COMMA = YES;
				CLANG_WARN_CONSTANT_CONVERSION = YES;
				CLANG_WARN_DEPRECATED_OBJC_IMPLEMENTATIONS = YES;
				CLANG_WARN_DIRECT_OBJC_ISA_USAGE = YES_ERROR;
				CLANG_WARN_DOCUMENTATION_COMMENTS = YES;
				CLANG_WARN_EMPTY_BODY = YES;
				CLANG_WARN_ENUM_CONVERSION = YES;
				CLANG_WARN_INFINITE_RECURSION = YES;
				CLANG_WARN_INT_CONVERSION = YES;
				CLANG_WARN_NON_LITERAL_NULL_CONVERSION = YES;
				CLANG_WARN_OBJC_IMPLICIT_RETAIN_SELF = YES;
				CLANG_WARN_OBJC_LITERAL_CONVERSION = YES;
				CLANG_WARN_OBJC_ROOT_CLASS = YES_ERROR;
				CLANG_WARN_QUOTED_INCLUDE_IN_FRAMEWORK_HEADER = YES;
				CLANG_WARN_RANGE_LOOP_ANALYSIS = YES;
				CLANG_WARN_STRICT_PROTOTYPES = YES;
				CLANG_WARN_SUSPICIOUS_MOVE = YES;
				CLANG_WARN_UNGUARDED_AVAILABILITY = YES_AGGRESSIVE;
				CLANG_WARN_UNREACHABLE_CODE = YES;
				CLANG_WARN__DUPLICATE_METHOD_MATCH = YES;
				COPY_PHASE_STRIP = NO;
				DEBUG_INFORMATION_FORMAT = dwarf;
				ENABLE_STRICT_OBJC_MSGSEND = YES;
				ENABLE_TESTABILITY = YES;
				GCC_C_LANGUAGE_STANDARD = gnu11;
				GCC_DYNAMIC_NO_PIC = NO;
				GCC_NO_COMMON_BLOCKS = YES;
				GCC_OPTIMIZATION_LEVEL = 0;
				GCC_PREPROCESSOR_DEFINITIONS = (
					"DEBUG=1",
					"$(inherited)",
				);
				GCC_WARN_64_TO_32_BIT_CONVERSION = YES;
				GCC_WARN_ABOUT_RETURN_TYPE = YES_ERROR;
				GCC_WARN_UNDECLARED_SELECTOR = YES;
				GCC_WARN_UNINITIALIZED_AUTOS = YES_AGGRESSIVE;
				GCC_WARN_UNUSED_FUNCTION = YES;
				GCC_WARN_UNUSED_VARIABLE = YES;
				IPHONEOS_DEPLOYMENT_TARGET = 16.4;
				MTL_ENABLE_DEBUG_INFO = INCLUDE_SOURCE;
				MTL_FAST_MATH = YES;
				ONLY_ACTIVE_ARCH = YES;
				SDKROOT = iphoneos;
				SWIFT_ACTIVE_COMPILATION_CONDITIONS = DEBUG;
				SWIFT_OPTIMIZATION_LEVEL = "-Onone";
			};
			name = Debug;
		};
		0371E6C22A838AA500F55AA9 /* Release */ = {
			isa = XCBuildConfiguration;
			buildSettings = {
				ALWAYS_SEARCH_USER_PATHS = NO;
				CLANG_ANALYZER_NONNULL = YES;
				CLANG_ANALYZER_NUMBER_OBJECT_CONVERSION = YES_AGGRESSIVE;
				CLANG_CXX_LANGUAGE_STANDARD = "gnu++20";
				CLANG_ENABLE_MODULES = YES;
				CLANG_ENABLE_OBJC_ARC = YES;
				CLANG_ENABLE_OBJC_WEAK = YES;
				CLANG_WARN_BLOCK_CAPTURE_AUTORELEASING = YES;
				CLANG_WARN_BOOL_CONVERSION = YES;
				CLANG_WARN_COMMA = YES;
				CLANG_WARN_CONSTANT_CONVERSION = YES;
				CLANG_WARN_DEPRECATED_OBJC_IMPLEMENTATIONS = YES;
				CLANG_WARN_DIRECT_OBJC_ISA_USAGE = YES_ERROR;
				CLANG_WARN_DOCUMENTATION_COMMENTS = YES;
				CLANG_WARN_EMPTY_BODY = YES;
				CLANG_WARN_ENUM_CONVERSION = YES;
				CLANG_WARN_INFINITE_RECURSION = YES;
				CLANG_WARN_INT_CONVERSION = YES;
				CLANG_WARN_NON_LITERAL_NULL_CONVERSION = YES;
				CLANG_WARN_OBJC_IMPLICIT_RETAIN_SELF = YES;
				CLANG_WARN_OBJC_LITERAL_CONVERSION = YES;
				CLANG_WARN_OBJC_ROOT_CLASS = YES_ERROR;
				CLANG_WARN_QUOTED_INCLUDE_IN_FRAMEWORK_HEADER = YES;
				CLANG_WARN_RANGE_LOOP_ANALYSIS = YES;
				CLANG_WARN_STRICT_PROTOTYPES = YES;
				CLANG_WARN_SUSPICIOUS_MOVE = YES;
				CLANG_WARN_UNGUARDED_AVAILABILITY = YES_AGGRESSIVE;
				CLANG_WARN_UNREACHABLE_CODE = YES;
				CLANG_WARN__DUPLICATE_METHOD_MATCH = YES;
				COPY_PHASE_STRIP = NO;
				DEBUG_INFORMATION_FORMAT = "dwarf-with-dsym";
				ENABLE_NS_ASSERTIONS = NO;
				ENABLE_STRICT_OBJC_MSGSEND = YES;
				GCC_C_LANGUAGE_STANDARD = gnu11;
				GCC_NO_COMMON_BLOCKS = YES;
				GCC_WARN_64_TO_32_BIT_CONVERSION = YES;
				GCC_WARN_ABOUT_RETURN_TYPE = YES_ERROR;
				GCC_WARN_UNDECLARED_SELECTOR = YES;
				GCC_WARN_UNINITIALIZED_AUTOS = YES_AGGRESSIVE;
				GCC_WARN_UNUSED_FUNCTION = YES;
				GCC_WARN_UNUSED_VARIABLE = YES;
				IPHONEOS_DEPLOYMENT_TARGET = 16.4;
				MTL_ENABLE_DEBUG_INFO = NO;
				MTL_FAST_MATH = YES;
				SDKROOT = iphoneos;
				SWIFT_COMPILATION_MODE = wholemodule;
				SWIFT_OPTIMIZATION_LEVEL = "-O";
				VALIDATE_PRODUCT = YES;
			};
			name = Release;
		};
		0371E6C42A838AA500F55AA9 /* Debug */ = {
			isa = XCBuildConfiguration;
			buildSettings = {
				ASSETCATALOG_COMPILER_APPICON_NAME = AppIcon;
				ASSETCATALOG_COMPILER_GLOBAL_ACCENT_COLOR_NAME = AccentColor;
				CODE_SIGN_STYLE = Automatic;
				CURRENT_PROJECT_VERSION = 1;
				DEVELOPMENT_ASSET_PATHS = "\"CoordinatorPattern/Preview Content\"";
				DEVELOPMENT_TEAM = 5BKUZJ67JG;
				ENABLE_PREVIEWS = YES;
				GENERATE_INFOPLIST_FILE = YES;
				INFOPLIST_KEY_UIApplicationSceneManifest_Generation = YES;
				INFOPLIST_KEY_UIApplicationSupportsIndirectInputEvents = YES;
				INFOPLIST_KEY_UILaunchScreen_Generation = YES;
				INFOPLIST_KEY_UISupportedInterfaceOrientations_iPad = "UIInterfaceOrientationPortrait UIInterfaceOrientationPortraitUpsideDown UIInterfaceOrientationLandscapeLeft UIInterfaceOrientationLandscapeRight";
				INFOPLIST_KEY_UISupportedInterfaceOrientations_iPhone = "UIInterfaceOrientationPortrait UIInterfaceOrientationLandscapeLeft UIInterfaceOrientationLandscapeRight";
				LD_RUNPATH_SEARCH_PATHS = (
					"$(inherited)",
					"@executable_path/Frameworks",
				);
				MARKETING_VERSION = 1.0;
				PRODUCT_BUNDLE_IDENTIFIER = com.silviu.CoordinatorPattern;
				PRODUCT_NAME = "$(TARGET_NAME)";
				SWIFT_EMIT_LOC_STRINGS = YES;
				SWIFT_VERSION = 5.0;
				TARGETED_DEVICE_FAMILY = "1,2";
			};
			name = Debug;
		};
		0371E6C52A838AA500F55AA9 /* Release */ = {
			isa = XCBuildConfiguration;
			buildSettings = {
				ASSETCATALOG_COMPILER_APPICON_NAME = AppIcon;
				ASSETCATALOG_COMPILER_GLOBAL_ACCENT_COLOR_NAME = AccentColor;
				CODE_SIGN_STYLE = Automatic;
				CURRENT_PROJECT_VERSION = 1;
				DEVELOPMENT_ASSET_PATHS = "\"CoordinatorPattern/Preview Content\"";
				DEVELOPMENT_TEAM = 5BKUZJ67JG;
				ENABLE_PREVIEWS = YES;
				GENERATE_INFOPLIST_FILE = YES;
				INFOPLIST_KEY_UIApplicationSceneManifest_Generation = YES;
				INFOPLIST_KEY_UIApplicationSupportsIndirectInputEvents = YES;
				INFOPLIST_KEY_UILaunchScreen_Generation = YES;
				INFOPLIST_KEY_UISupportedInterfaceOrientations_iPad = "UIInterfaceOrientationPortrait UIInterfaceOrientationPortraitUpsideDown UIInterfaceOrientationLandscapeLeft UIInterfaceOrientationLandscapeRight";
				INFOPLIST_KEY_UISupportedInterfaceOrientations_iPhone = "UIInterfaceOrientationPortrait UIInterfaceOrientationLandscapeLeft UIInterfaceOrientationLandscapeRight";
				LD_RUNPATH_SEARCH_PATHS = (
					"$(inherited)",
					"@executable_path/Frameworks",
				);
				MARKETING_VERSION = 1.0;
				PRODUCT_BUNDLE_IDENTIFIER = com.silviu.CoordinatorPattern;
				PRODUCT_NAME = "$(TARGET_NAME)";
				SWIFT_EMIT_LOC_STRINGS = YES;
				SWIFT_VERSION = 5.0;
				TARGETED_DEVICE_FAMILY = "1,2";
			};
			name = Release;
		};
/* End XCBuildConfiguration section */

/* Begin XCConfigurationList section */
		0371E6B02A838AA300F55AA9 /* Build configuration list for PBXProject "CoordinatorPattern" */ = {
			isa = XCConfigurationList;
			buildConfigurations = (
				0371E6C12A838AA500F55AA9 /* Debug */,
				0371E6C22A838AA500F55AA9 /* Release */,
			);
			defaultConfigurationIsVisible = 0;
			defaultConfigurationName = Release;
		};
		0371E6C32A838AA500F55AA9 /* Build configuration list for PBXNativeTarget "CoordinatorPattern" */ = {
			isa = XCConfigurationList;
			buildConfigurations = (
				0371E6C42A838AA500F55AA9 /* Debug */,
				0371E6C52A838AA500F55AA9 /* Release */,
			);
			defaultConfigurationIsVisible = 0;
			defaultConfigurationName = Release;
		};
/* End XCConfigurationList section */
	};
	rootObject = 0371E6AD2A838AA300F55AA9 /* Project object */;
}
